
Microsoft Visual Studio Solution File, Format Version 12.00
# Visual Studio 15
VisualStudioVersion = 15.0.26730.16
MinimumVisualStudioVersion = 10.0.40219.1
Project("{FAE04EC0-301F-11D3-BF4B-00C04F79EFBC}") = "Optimizer", "Optimizer\Optimizer.csproj", "{A2BEA0B7-8C74-4A87-B33F-11F73D75F99B}"
EndProject
Global
	GlobalSection(SolutionConfigurationPlatforms) = preSolution
		Debug|Any CPU = Debug|Any CPU
		Release|Any CPU = Release|Any CPU
	EndGlobalSection
	GlobalSection(ProjectConfigurationPlatforms) = postSolution
		{A2BEA0B7-8C74-4A87-B33F-11F73D75F99B}.Debug|Any CPU.ActiveCfg = Debug|Any CPU
		{A2BEA0B7-8C74-4A87-B33F-11F73D75F99B}.Debug|Any CPU.Build.0 = Debug|Any CPU
		{A2BEA0B7-8C74-4A87-B33F-11F73D75F99B}.Release|Any CPU.ActiveCfg = Release|Any CPU
		{A2BEA0B7-8C74-4A87-B33F-11F73D75F99B}.Release|Any CPU.Build.0 = Release|Any CPU
	EndGlobalSection
	GlobalSection(SolutionProperties) = preSolution
		HideSolutionNode = FALSE
	EndGlobalSection
	GlobalSection(ExtensibilityGlobals) = postSolution
		SolutionGuid = {C107EDA8-660C-4DE3-BF99-AFE232328722}
	EndGlobalSection
EndGlobal
